
Microsoft Visual Studio Solution File, Format Version 12.00
# Visual Studio Version 17
VisualStudioVersion = 17.4.33213.308
MinimumVisualStudioVersion = 10.0.40219.1
Project("{9A19103F-16F7-4668-BE54-9A1E7A4F7556}") = "Admin_GM", "Admin_GM\Admin_GM.csproj", "{D55B59B5-9DC0-4DD3-851B-B0CDAFD03502}"
EndProject
Project("{FAE04EC0-301F-11D3-BF4B-00C04F79EFBC}") = "Tracking.Client", "Tracking.Client\Tracking.Client.csproj", "{EEB34DB5-9C09-46FC-82F3-7B2D098C4E66}"
EndProject
Global
	GlobalSection(SolutionConfigurationPlatforms) = preSolution
		Debug|Any CPU = Debug|Any CPU
		Release|Any CPU = Release|Any CPU
	EndGlobalSection
	GlobalSection(ProjectConfigurationPlatforms) = postSolution
		{D55B59B5-9DC0-4DD3-851B-B0CDAFD03502}.Debug|Any CPU.ActiveCfg = Debug|Any CPU
		{D55B59B5-9DC0-4DD3-851B-B0CDAFD03502}.Debug|Any CPU.Build.0 = Debug|Any CPU
		{D55B59B5-9DC0-4DD3-851B-B0CDAFD03502}.Release|Any CPU.ActiveCfg = Release|Any CPU
		{D55B59B5-9DC0-4DD3-851B-B0CDAFD03502}.Release|Any CPU.Build.0 = Release|Any CPU
		{EEB34DB5-9C09-46FC-82F3-7B2D098C4E66}.Debug|Any CPU.ActiveCfg = Debug|Any CPU
		{EEB34DB5-9C09-46FC-82F3-7B2D098C4E66}.Debug|Any CPU.Build.0 = Debug|Any CPU
		{EEB34DB5-9C09-46FC-82F3-7B2D098C4E66}.Release|Any CPU.ActiveCfg = Release|Any CPU
		{EEB34DB5-9C09-46FC-82F3-7B2D098C4E66}.Release|Any CPU.Build.0 = Release|Any CPU
	EndGlobalSection
	GlobalSection(SolutionProperties) = preSolution
		HideSolutionNode = FALSE
	EndGlobalSection
	GlobalSection(ExtensibilityGlobals) = postSolution
		SolutionGuid = {96C3B7DA-C97A-40DD-A68B-6BA739946206}
	EndGlobalSection
EndGlobal
